
Microsoft Visual Studio Solution File, Format Version 12.00
# Visual Studio Version 17
VisualStudioVersion = 17.4.33122.133
MinimumVisualStudioVersion = 10.0.40219.1
Project("{9A19103F-16F7-4668-BE54-9A1E7A4F7556}") = "MoodAnalyser", "MoodAnalyser.csproj", "{1ADBE590-03D0-4586-AC3C-61205CF69765}"
EndProject
Project("{FAE04EC0-301F-11D3-BF4B-00C04F79EFBC}") = "MoodAnalyserTestProject", "..\MoodAnalyserTestProject\MoodAnalyserTestProject.csproj", "{3CAF7391-6210-420D-B728-8C4231C03615}"
EndProject
Global
	GlobalSection(SolutionConfigurationPlatforms) = preSolution
		Debug|Any CPU = Debug|Any CPU
		Release|Any CPU = Release|Any CPU
	EndGlobalSection
	GlobalSection(ProjectConfigurationPlatforms) = postSolution
		{1ADBE590-03D0-4586-AC3C-61205CF69765}.Debug|Any CPU.ActiveCfg = Debug|Any CPU
		{1ADBE590-03D0-4586-AC3C-61205CF69765}.Debug|Any CPU.Build.0 = Debug|Any CPU
		{1ADBE590-03D0-4586-AC3C-61205CF69765}.Release|Any CPU.ActiveCfg = Release|Any CPU
		{1ADBE590-03D0-4586-AC3C-61205CF69765}.Release|Any CPU.Build.0 = Release|Any CPU
		{3CAF7391-6210-420D-B728-8C4231C03615}.Debug|Any CPU.ActiveCfg = Debug|Any CPU
		{3CAF7391-6210-420D-B728-8C4231C03615}.Debug|Any CPU.Build.0 = Debug|Any CPU
		{3CAF7391-6210-420D-B728-8C4231C03615}.Release|Any CPU.ActiveCfg = Release|Any CPU
		{3CAF7391-6210-420D-B728-8C4231C03615}.Release|Any CPU.Build.0 = Release|Any CPU
	EndGlobalSection
	GlobalSection(SolutionProperties) = preSolution
		HideSolutionNode = FALSE
	EndGlobalSection
	GlobalSection(ExtensibilityGlobals) = postSolution
		SolutionGuid = {585792B4-026F-46FE-B37D-0FA4E4C29559}
	EndGlobalSection
EndGlobal
